version = 1
revision = 3
requires-python = ">=3.15"

[[package]]
name = "dts-102-practical"
version = "1.0.0"
source = { virtual = "." }
dependencies = [
    { name = "peewee" },
    { name = "types-peewee" },
]

[package.metadata]
requires-dist = [
    { name = "peewee", specifier = ">=3.18.3" },
    { name = "types-peewee", specifier = ">=3.18.3.20251105" },
]

[[package]]
name = "peewee"
version = "3.18.3"
source = { registry = "https://pypi.org/simple" }
sdist = { url = "https://files.pythonhosted.org/packages/6f/60/58e7a307a24044e0e982b99042fcd5a58d0cd928d9c01829574d7553ee8d/peewee-3.18.3.tar.gz", hash = "sha256:62c3d93315b1a909360c4b43c3a573b47557a1ec7a4583a71286df2a28d4b72e", size = 3026296, upload-time = "2025-11-03T16:43:46.678Z" }

[[package]]
name = "types-peewee"
version = "3.18.3.20251105"
source = { registry = "https://pypi.org/simple" }
sdist = { url = "https://files.pythonhosted.org/packages/98/b5/1903bccc7749b4118d18ca450a44d530748338530758e9cefd4e1f081a99/types_peewee-3.18.3.20251105.tar.gz", hash = "sha256:e75de3e386e7f176a492570770885f80c88103598cd4e2de0edad4a45cc00648", size = 20709, upload-time = "2025-11-05T03:04:47.172Z" }
wheels = [
    { url = "https://files.pythonhosted.org/packages/b2/5d/8aee3a8718e0138492e9d74725c7497024bf982dde305e5e3a7b30360ad2/types_peewee-3.18.3.20251105-py3-none-any.whl", hash = "sha256:3f20b9ce3f3dfc32cdc8af60647696385496e1884e33d310ff05b4afccbee620", size = 19062, upload-time = "2025-11-05T03:04:46.252Z" },
]
